
Microsoft Visual Studio Solution File, Format Version 12.00
# Visual Studio Version 17
VisualStudioVersion = 17.9.34728.123
MinimumVisualStudioVersion = 10.0.40219.1
Project("{9A19103F-16F7-4668-BE54-9A1E7A4F7556}") = "Ecommerce.Web", "Ecommerce.Web\Ecommerce.Web.csproj", "{76452CAC-7D55-4A96-971D-54A88AE5701F}"
EndProject
Project("{9A19103F-16F7-4668-BE54-9A1E7A4F7556}") = "Ecommerce.ProductService", "Ecommerce.ProductService\Ecommerce.ProductService.csproj", "{540B61AA-0EC2-444F-8062-2FB2B75CE00A}"
EndProject
Project("{9A19103F-16F7-4668-BE54-9A1E7A4F7556}") = "Ecommerce.OrderService", "Ecommerce.OrderService\Ecommerce.OrderService.csproj", "{26E41F92-EEB4-43C4-9E2A-8EBB71030574}"
EndProject
Project("{9A19103F-16F7-4668-BE54-9A1E7A4F7556}") = "Ecommerce.Model", "Ecommerce.Model\Ecommerce.Model.csproj", "{78A54707-B034-41F0-8BDE-DE8117444F44}"
EndProject
Project("{9A19103F-16F7-4668-BE54-9A1E7A4F7556}") = "Ecommerce.AppHost", "Ecommerce.AppHost\Ecommerce.AppHost.csproj", "{0DBF9ED9-A0B2-4093-8559-967CE10805E1}"
EndProject
Global
	GlobalSection(SolutionConfigurationPlatforms) = preSolution
		Debug|Any CPU = Debug|Any CPU
		Release|Any CPU = Release|Any CPU
	EndGlobalSection
	GlobalSection(ProjectConfigurationPlatforms) = postSolution
		{76452CAC-7D55-4A96-971D-54A88AE5701F}.Debug|Any CPU.ActiveCfg = Debug|Any CPU
		{76452CAC-7D55-4A96-971D-54A88AE5701F}.Debug|Any CPU.Build.0 = Debug|Any CPU
		{76452CAC-7D55-4A96-971D-54A88AE5701F}.Release|Any CPU.ActiveCfg = Release|Any CPU
		{76452CAC-7D55-4A96-971D-54A88AE5701F}.Release|Any CPU.Build.0 = Release|Any CPU
		{540B61AA-0EC2-444F-8062-2FB2B75CE00A}.Debug|Any CPU.ActiveCfg = Debug|Any CPU
		{540B61AA-0EC2-444F-8062-2FB2B75CE00A}.Debug|Any CPU.Build.0 = Debug|Any CPU
		{540B61AA-0EC2-444F-8062-2FB2B75CE00A}.Release|Any CPU.ActiveCfg = Release|Any CPU
		{540B61AA-0EC2-444F-8062-2FB2B75CE00A}.Release|Any CPU.Build.0 = Release|Any CPU
		{26E41F92-EEB4-43C4-9E2A-8EBB71030574}.Debug|Any CPU.ActiveCfg = Debug|Any CPU
		{26E41F92-EEB4-43C4-9E2A-8EBB71030574}.Debug|Any CPU.Build.0 = Debug|Any CPU
		{26E41F92-EEB4-43C4-9E2A-8EBB71030574}.Release|Any CPU.ActiveCfg = Release|Any CPU
		{26E41F92-EEB4-43C4-9E2A-8EBB71030574}.Release|Any CPU.Build.0 = Release|Any CPU
		{78A54707-B034-41F0-8BDE-DE8117444F44}.Debug|Any CPU.ActiveCfg = Debug|Any CPU
		{78A54707-B034-41F0-8BDE-DE8117444F44}.Debug|Any CPU.Build.0 = Debug|Any CPU
		{78A54707-B034-41F0-8BDE-DE8117444F44}.Release|Any CPU.ActiveCfg = Release|Any CPU
		{78A54707-B034-41F0-8BDE-DE8117444F44}.Release|Any CPU.Build.0 = Release|Any CPU
		{0DBF9ED9-A0B2-4093-8559-967CE10805E1}.Debug|Any CPU.ActiveCfg = Debug|Any CPU
		{0DBF9ED9-A0B2-4093-8559-967CE10805E1}.Debug|Any CPU.Build.0 = Debug|Any CPU
		{0DBF9ED9-A0B2-4093-8559-967CE10805E1}.Release|Any CPU.ActiveCfg = Release|Any CPU
		{0DBF9ED9-A0B2-4093-8559-967CE10805E1}.Release|Any CPU.Build.0 = Release|Any CPU
	EndGlobalSection
	GlobalSection(SolutionProperties) = preSolution
		HideSolutionNode = FALSE
	EndGlobalSection
	GlobalSection(ExtensibilityGlobals) = postSolution
		SolutionGuid = {59E05F5B-4550-425B-AFD6-1BFDCE7B2534}
	EndGlobalSection
EndGlobal
